// !$*UTF8*$!
{
	archiveVersion = 1;
	classes = {
	};
	objectVersion = 50;
	objects = {

/* Begin PBXBuildFile section */
		720FB10622368F3200C4D73A /* addItemDelegateProtocol.swift in Sources */ = {isa = PBXBuildFile; fileRef = 720FB10522368F3200C4D73A /* addItemDelegateProtocol.swift */; };
		723A4E432235B71D00CD497F /* helpingMethods.swift in Sources */ = {isa = PBXBuildFile; fileRef = 723A4E422235B71D00CD497F /* helpingMethods.swift */; };
		723A4E472235CD2800CD497F /* AddItemViewController.swift in Sources */ = {isa = PBXBuildFile; fileRef = 723A4E462235CD2800CD497F /* AddItemViewController.swift */; };
		7296099B2233DC80006364C2 /* AppDelegate.swift in Sources */ = {isa = PBXBuildFile; fileRef = 7296099A2233DC80006364C2 /* AppDelegate.swift */; };
		7296099D2233DC80006364C2 /* CheckListViewController.swift in Sources */ = {isa = PBXBuildFile; fileRef = 7296099C2233DC80006364C2 /* CheckListViewController.swift */; };
		729609A02233DC80006364C2 /* Main.storyboard in Resources */ = {isa = PBXBuildFile; fileRef = 7296099E2233DC80006364C2 /* Main.storyboard */; };
		729609A22233DC83006364C2 /* Assets.xcassets in Resources */ = {isa = PBXBuildFile; fileRef = 729609A12233DC83006364C2 /* Assets.xcassets */; };
		729609A52233DC83006364C2 /* LaunchScreen.storyboard in Resources */ = {isa = PBXBuildFile; fileRef = 729609A32233DC83006364C2 /* LaunchScreen.storyboard */; };
		72F03ACA223533EA0055B6AC /* checkListItems.swift in Sources */ = {isa = PBXBuildFile; fileRef = 72F03AC9223533EA0055B6AC /* checkListItems.swift */; };
		72FA52F02237C7E6000ED3C5 /* Constants .swift in Sources */ = {isa = PBXBuildFile; fileRef = 72FA52EF2237C7E6000ED3C5 /* Constants .swift */; };
/* End PBXBuildFile section */

/* Begin PBXFileReference section */
		720FB10522368F3200C4D73A /* addItemDelegateProtocol.swift */ = {isa = PBXFileReference; lastKnownFileType = sourcecode.swift; path = addItemDelegateProtocol.swift; sourceTree = "<group>"; };
		723A4E422235B71D00CD497F /* helpingMethods.swift */ = {isa = PBXFileReference; lastKnownFileType = sourcecode.swift; path = helpingMethods.swift; sourceTree = "<group>"; };
		723A4E462235CD2800CD497F /* AddItemViewController.swift */ = {isa = PBXFileReference; lastKnownFileType = sourcecode.swift; path = AddItemViewController.swift; sourceTree = "<group>"; };
		729609972233DC80006364C2 /* To Do !.app */ = {isa = PBXFileReference; explicitFileType = wrapper.application; includeInIndex = 0; path = "To Do !.app"; sourceTree = BUILT_PRODUCTS_DIR; };
		7296099A2233DC80006364C2 /* AppDelegate.swift */ = {isa = PBXFileReference; lastKnownFileType = sourcecode.swift; path = AppDelegate.swift; sourceTree = "<group>"; };
		7296099C2233DC80006364C2 /* CheckListViewController.swift */ = {isa = PBXFileReference; lastKnownFileType = sourcecode.swift; path = CheckListViewController.swift; sourceTree = "<group>"; };
		7296099F2233DC80006364C2 /* Base */ = {isa = PBXFileReference; lastKnownFileType = file.storyboard; name = Base; path = Base.lproj/Main.storyboard; sourceTree = "<group>"; };
		729609A12233DC83006364C2 /* Assets.xcassets */ = {isa = PBXFileReference; lastKnownFileType = folder.assetcatalog; path = Assets.xcassets; sourceTree = "<group>"; };
		729609A42233DC83006364C2 /* Base */ = {isa = PBXFileReference; lastKnownFileType = file.storyboard; name = Base; path = Base.lproj/LaunchScreen.storyboard; sourceTree = "<group>"; };
		729609A62233DC83006364C2 /* Info.plist */ = {isa = PBXFileReference; lastKnownFileType = text.plist.xml; path = Info.plist; sourceTree = "<group>"; };
		72F03AC9223533EA0055B6AC /* checkListItems.swift */ = {isa = PBXFileReference; lastKnownFileType = sourcecode.swift; path = checkListItems.swift; sourceTree = "<group>"; };
		72FA52EF2237C7E6000ED3C5 /* Constants .swift */ = {isa = PBXFileReference; lastKnownFileType = sourcecode.swift; path = "Constants .swift"; sourceTree = "<group>"; };
/* End PBXFileReference section */

/* Begin PBXFrameworksBuildPhase section */
		729609942233DC80006364C2 /* Frameworks */ = {
			isa = PBXFrameworksBuildPhase;
			buildActionMask = 2147483647;
			files = (
			);
			runOnlyForDeploymentPostprocessing = 0;
		};
/* End PBXFrameworksBuildPhase section */

/* Begin PBXGroup section */
		720FB10422366BAA00C4D73A /* Model */ = {
			isa = PBXGroup;
			children = (
				72F03AC9223533EA0055B6AC /* checkListItems.swift */,
				72FA52EF2237C7E6000ED3C5 /* Constants .swift */,
			);
			path = Model;
			sourceTree = "<group>";
		};
		723A4E442235C66700CD497F /* Controllers */ = {
			isa = PBXGroup;
			children = (
				7296099C2233DC80006364C2 /* CheckListViewController.swift */,
				723A4E462235CD2800CD497F /* AddItemViewController.swift */,
				723A4E452235C67700CD497F /* Methods and Protocols */,
			);
			path = Controllers;
			sourceTree = "<group>";
		};
		723A4E452235C67700CD497F /* Methods and Protocols */ = {
			isa = PBXGroup;
			children = (
				723A4E422235B71D00CD497F /* helpingMethods.swift */,
				720FB10522368F3200C4D73A /* addItemDelegateProtocol.swift */,
			);
			path = "Methods and Protocols";
			sourceTree = "<group>";
		};
		7296098E2233DC80006364C2 = {
			isa = PBXGroup;
			children = (
				729609992233DC80006364C2 /* To Do ! */,
				729609982233DC80006364C2 /* Products */,
			);
			sourceTree = "<group>";
		};
		729609982233DC80006364C2 /* Products */ = {
			isa = PBXGroup;
			children = (
				729609972233DC80006364C2 /* To Do !.app */,
			);
			name = Products;
			sourceTree = "<group>";
		};
		729609992233DC80006364C2 /* To Do ! */ = {
			isa = PBXGroup;
			children = (
				720FB10422366BAA00C4D73A /* Model */,
				723A4E442235C66700CD497F /* Controllers */,
				7296099E2233DC80006364C2 /* Main.storyboard */,
				729609A12233DC83006364C2 /* Assets.xcassets */,
				7296099A2233DC80006364C2 /* AppDelegate.swift */,
				729609A32233DC83006364C2 /* LaunchScreen.storyboard */,
				729609A62233DC83006364C2 /* Info.plist */,
			);
			path = "To Do !";
			sourceTree = "<group>";
		};
/* End PBXGroup section */

/* Begin PBXNativeTarget section */
		729609962233DC80006364C2 /* To Do ! */ = {
			isa = PBXNativeTarget;
			buildConfigurationList = 729609A92233DC83006364C2 /* Build configuration list for PBXNativeTarget "To Do !" */;
			buildPhases = (
				729609932233DC80006364C2 /* Sources */,
				729609942233DC80006364C2 /* Frameworks */,
				729609952233DC80006364C2 /* Resources */,
			);
			buildRules = (
			);
			dependencies = (
			);
			name = "To Do !";
			productName = "To Do !";
			productReference = 729609972233DC80006364C2 /* To Do !.app */;
			productType = "com.apple.product-type.application";
		};
/* End PBXNativeTarget section */

/* Begin PBXProject section */
		7296098F2233DC80006364C2 /* Project object */ = {
			isa = PBXProject;
			attributes = {
				LastSwiftUpdateCheck = 1000;
				LastUpgradeCheck = 1000;
				ORGANIZATIONNAME = AsMaa;
				TargetAttributes = {
					729609962233DC80006364C2 = {
						CreatedOnToolsVersion = 10.0;
					};
				};
			};
			buildConfigurationList = 729609922233DC80006364C2 /* Build configuration list for PBXProject "To Do !" */;
			compatibilityVersion = "Xcode 9.3";
			developmentRegion = en;
			hasScannedForEncodings = 0;
			knownRegions = (
				en,
				Base,
			);
			mainGroup = 7296098E2233DC80006364C2;
			productRefGroup = 729609982233DC80006364C2 /* Products */;
			projectDirPath = "";
			projectRoot = "";
			targets = (
				729609962233DC80006364C2 /* To Do ! */,
			);
		};
/* End PBXProject section */

/* Begin PBXResourcesBuildPhase section */
		729609952233DC80006364C2 /* Resources */ = {
			isa = PBXResourcesBuildPhase;
			buildActionMask = 2147483647;
			files = (
				729609A52233DC83006364C2 /* LaunchScreen.storyboard in Resources */,
				729609A22233DC83006364C2 /* Assets.xcassets in Resources */,
				729609A02233DC80006364C2 /* Main.storyboard in Resources */,
			);
			runOnlyForDeploymentPostprocessing = 0;
		};
/* End PBXResourcesBuildPhase section */

/* Begin PBXSourcesBuildPhase section */
		729609932233DC80006364C2 /* Sources */ = {
			isa = PBXSourcesBuildPhase;
			buildActionMask = 2147483647;
			files = (
				723A4E472235CD2800CD497F /* AddItemViewController.swift in Sources */,
				72F03ACA223533EA0055B6AC /* checkListItems.swift in Sources */,
				7296099D2233DC80006364C2 /* CheckListViewController.swift in Sources */,
				723A4E432235B71D00CD497F /* helpingMethods.swift in Sources */,
				72FA52F02237C7E6000ED3C5 /* Constants .swift in Sources */,
				7296099B2233DC80006364C2 /* AppDelegate.swift in Sources */,
				720FB10622368F3200C4D73A /* addItemDelegateProtocol.swift in Sources */,
			);
			runOnlyForDeploymentPostprocessing = 0;
		};
/* End PBXSourcesBuildPhase section */

/* Begin PBXVariantGroup section */
		7296099E2233DC80006364C2 /* Main.storyboard */ = {
			isa = PBXVariantGroup;
			children = (
				7296099F2233DC80006364C2 /* Base */,
			);
			name = Main.storyboard;
			sourceTree = "<group>";
		};
		729609A32233DC83006364C2 /* LaunchScreen.storyboard */ = {
			isa = PBXVariantGroup;
			children = (
				729609A42233DC83006364C2 /* Base */,
			);
			name = LaunchScreen.storyboard;
			sourceTree = "<group>";
		};
/* End PBXVariantGroup section */

/* Begin XCBuildConfiguration section */
		729609A72233DC83006364C2 /* Debug */ = {
			isa = XCBuildConfiguration;
			buildSettings = {
				ALWAYS_SEARCH_USER_PATHS = NO;
				CLANG_ANALYZER_NONNULL = YES;
				CLANG_ANALYZER_NUMBER_OBJECT_CONVERSION = YES_AGGRESSIVE;
				CLANG_CXX_LANGUAGE_STANDARD = "gnu++14";
				CLANG_CXX_LIBRARY = "libc++";
				CLANG_ENABLE_MODULES = YES;
				CLANG_ENABLE_OBJC_ARC = YES;
				CLANG_ENABLE_OBJC_WEAK = YES;
				CLANG_WARN_BLOCK_CAPTURE_AUTORELEASING = YES;
				CLANG_WARN_BOOL_CONVERSION = YES;
				CLANG_WARN_COMMA = YES;
				CLANG_WARN_CONSTANT_CONVERSION = YES;
				CLANG_WARN_DEPRECATED_OBJC_IMPLEMENTATIONS = YES;
				CLANG_WARN_DIRECT_OBJC_ISA_USAGE = YES_ERROR;
				CLANG_WARN_DOCUMENTATION_COMMENTS = YES;
				CLANG_WARN_EMPTY_BODY = YES;
				CLANG_WARN_ENUM_CONVERSION = YES;
				CLANG_WARN_INFINITE_RECURSION = YES;
				CLANG_WARN_INT_CONVERSION = YES;
				CLANG_WARN_NON_LITERAL_NULL_CONVERSION = YES;
				CLANG_WARN_OBJC_IMPLICIT_RETAIN_SELF = YES;
				CLANG_WARN_OBJC_LITERAL_CONVERSION = YES;
				CLANG_WARN_OBJC_ROOT_CLASS = YES_ERROR;
				CLANG_WARN_RANGE_LOOP_ANALYSIS = YES;
				CLANG_WARN_STRICT_PROTOTYPES = YES;
				CLANG_WARN_SUSPICIOUS_MOVE = YES;
				CLANG_WARN_UNGUARDED_AVAILABILITY = YES_AGGRESSIVE;
				CLANG_WARN_UNREACHABLE_CODE = YES;
				CLANG_WARN__DUPLICATE_METHOD_MATCH = YES;
				CODE_SIGN_IDENTITY = "iPhone Developer";
				COPY_PHASE_STRIP = NO;
				DEBUG_INFORMATION_FORMAT = dwarf;
				ENABLE_STRICT_OBJC_MSGSEND = YES;
				ENABLE_TESTABILITY = YES;
				GCC_C_LANGUAGE_STANDARD = gnu11;
				GCC_DYNAMIC_NO_PIC = NO;
				GCC_NO_COMMON_BLOCKS = YES;
				GCC_OPTIMIZATION_LEVEL = 0;
				GCC_PREPROCESSOR_DEFINITIONS = (
					"DEBUG=1",
					"$(inherited)",
				);
				GCC_WARN_64_TO_32_BIT_CONVERSION = YES;
				GCC_WARN_ABOUT_RETURN_TYPE = YES_ERROR;
				GCC_WARN_UNDECLARED_SELECTOR = YES;
				GCC_WARN_UNINITIALIZED_AUTOS = YES_AGGRESSIVE;
				GCC_WARN_UNUSED_FUNCTION = YES;
				GCC_WARN_UNUSED_VARIABLE = YES;
				IPHONEOS_DEPLOYMENT_TARGET = 12.0;
				MTL_ENABLE_DEBUG_INFO = INCLUDE_SOURCE;
				MTL_FAST_MATH = YES;
				ONLY_ACTIVE_ARCH = YES;
				SDKROOT = iphoneos;
				SWIFT_ACTIVE_COMPILATION_CONDITIONS = DEBUG;
				SWIFT_OPTIMIZATION_LEVEL = "-Onone";
			};
			name = Debug;
		};
		729609A82233DC83006364C2 /* Release */ = {
			isa = XCBuildConfiguration;
			buildSettings = {
				ALWAYS_SEARCH_USER_PATHS = NO;
				CLANG_ANALYZER_NONNULL = YES;
				CLANG_ANALYZER_NUMBER_OBJECT_CONVERSION = YES_AGGRESSIVE;
				CLANG_CXX_LANGUAGE_STANDARD = "gnu++14";
				CLANG_CXX_LIBRARY = "libc++";
				CLANG_ENABLE_MODULES = YES;
				CLANG_ENABLE_OBJC_ARC = YES;
				CLANG_ENABLE_OBJC_WEAK = YES;
				CLANG_WARN_BLOCK_CAPTURE_AUTORELEASING = YES;
				CLANG_WARN_BOOL_CONVERSION = YES;
				CLANG_WARN_COMMA = YES;
				CLANG_WARN_CONSTANT_CONVERSION = YES;
				CLANG_WARN_DEPRECATED_OBJC_IMPLEMENTATIONS = YES;
				CLANG_WARN_DIRECT_OBJC_ISA_USAGE = YES_ERROR;
				CLANG_WARN_DOCUMENTATION_COMMENTS = YES;
				CLANG_WARN_EMPTY_BODY = YES;
				CLANG_WARN_ENUM_CONVERSION = YES;
				CLANG_WARN_INFINITE_RECURSION = YES;
				CLANG_WARN_INT_CONVERSION = YES;
				CLANG_WARN_NON_LITERAL_NULL_CONVERSION = YES;
				CLANG_WARN_OBJC_IMPLICIT_RETAIN_SELF = YES;
				CLANG_WARN_OBJC_LITERAL_CONVERSION = YES;
				CLANG_WARN_OBJC_ROOT_CLASS = YES_ERROR;
				CLANG_WARN_RANGE_LOOP_ANALYSIS = YES;
				CLANG_WARN_STRICT_PROTOTYPES = YES;
				CLANG_WARN_SUSPICIOUS_MOVE = YES;
				CLANG_WARN_UNGUARDED_AVAILABILITY = YES_AGGRESSIVE;
				CLANG_WARN_UNREACHABLE_CODE = YES;
				CLANG_WARN__DUPLICATE_METHOD_MATCH = YES;
				CODE_SIGN_IDENTITY = "iPhone Developer";
				COPY_PHASE_STRIP = NO;
				DEBUG_INFORMATION_FORMAT = "dwarf-with-dsym";
				ENABLE_NS_ASSERTIONS = NO;
				ENABLE_STRICT_OBJC_MSGSEND = YES;
				GCC_C_LANGUAGE_STANDARD = gnu11;
				GCC_NO_COMMON_BLOCKS = YES;
				GCC_WARN_64_TO_32_BIT_CONVERSION = YES;
				GCC_WARN_ABOUT_RETURN_TYPE = YES_ERROR;
				GCC_WARN_UNDECLARED_SELECTOR = YES;
				GCC_WARN_UNINITIALIZED_AUTOS = YES_AGGRESSIVE;
				GCC_WARN_UNUSED_FUNCTION = YES;
				GCC_WARN_UNUSED_VARIABLE = YES;
				IPHONEOS_DEPLOYMENT_TARGET = 12.0;
				MTL_ENABLE_DEBUG_INFO = NO;
				MTL_FAST_MATH = YES;
				SDKROOT = iphoneos;
				SWIFT_COMPILATION_MODE = wholemodule;
				SWIFT_OPTIMIZATION_LEVEL = "-O";
				VALIDATE_PRODUCT = YES;
			};
			name = Release;
		};
		729609AA2233DC83006364C2 /* Debug */ = {
			isa = XCBuildConfiguration;
			buildSettings = {
				ASSETCATALOG_COMPILER_APPICON_NAME = AppIcon;
				CODE_SIGN_STYLE = Automatic;
				INFOPLIST_FILE = "To Do !/Info.plist";
				LD_RUNPATH_SEARCH_PATHS = (
					"$(inherited)",
					"@executable_path/Frameworks",
				);
				PRODUCT_BUNDLE_IDENTIFIER = "a.To-Do--";
				PRODUCT_NAME = "$(TARGET_NAME)";
				SWIFT_VERSION = 4.2;
				TARGETED_DEVICE_FAMILY = "1,2";
			};
			name = Debug;
		};
		729609AB2233DC83006364C2 /* Release */ = {
			isa = XCBuildConfiguration;
			buildSettings = {
				ASSETCATALOG_COMPILER_APPICON_NAME = AppIcon;
				CODE_SIGN_STYLE = Automatic;
				INFOPLIST_FILE = "To Do !/Info.plist";
				LD_RUNPATH_SEARCH_PATHS = (
					"$(inherited)",
					"@executable_path/Frameworks",
				);
				PRODUCT_BUNDLE_IDENTIFIER = "a.To-Do--";
				PRODUCT_NAME = "$(TARGET_NAME)";
				SWIFT_VERSION = 4.2;
				TARGETED_DEVICE_FAMILY = "1,2";
			};
			name = Release;
		};
/* End XCBuildConfiguration section */

/* Begin XCConfigurationList section */
		729609922233DC80006364C2 /* Build configuration list for PBXProject "To Do !" */ = {
			isa = XCConfigurationList;
			buildConfigurations = (
				729609A72233DC83006364C2 /* Debug */,
				729609A82233DC83006364C2 /* Release */,
			);
			defaultConfigurationIsVisible = 0;
			defaultConfigurationName = Release;
		};
		729609A92233DC83006364C2 /* Build configuration list for PBXNativeTarget "To Do !" */ = {
			isa = XCConfigurationList;
			buildConfigurations = (
				729609AA2233DC83006364C2 /* Debug */,
				729609AB2233DC83006364C2 /* Release */,
			);
			defaultConfigurationIsVisible = 0;
			defaultConfigurationName = Release;
		};
/* End XCConfigurationList section */
	};
	rootObject = 7296098F2233DC80006364C2 /* Project object */;
}
